
Microsoft Visual Studio Solution File, Format Version 12.00
# Visual Studio Version 17
VisualStudioVersion = 17.13.35931.197
MinimumVisualStudioVersion = 10.0.40219.1
Project("{FAE04EC0-301F-11D3-BF4B-00C04F79EFBC}") = "1618-GCD2502", "1618-GCD2502\1618-GCD2502.csproj", "{1A99A787-8DC4-44A1-8178-5FE4F596FB32}"
EndProject
Project("{FAE04EC0-301F-11D3-BF4B-00C04F79EFBC}") = "CheckBox", "CheckBox\CheckBox.csproj", "{3E0B7B03-A1D1-4787-9553-F0F97044E284}"
EndProject
Project("{FAE04EC0-301F-11D3-BF4B-00C04F79EFBC}") = "ComboBox", "ComboBox\ComboBox.csproj", "{4C23A68D-1336-40ED-B7B1-DBD935DC5F02}"
EndProject
Project("{FAE04EC0-301F-11D3-BF4B-00C04F79EFBC}") = "ComboBox2", "ComboBox2\ComboBox2.csproj", "{9BA38439-BEAA-4F60-82F8-FAAA12BA6B71}"
EndProject
Project("{FAE04EC0-301F-11D3-BF4B-00C04F79EFBC}") = "ComboBox3", "ComboBox3\ComboBox3.csproj", "{36E70B3A-B03C-4BA7-8E19-6BD7BF95E559}"
EndProject
Project("{FAE04EC0-301F-11D3-BF4B-00C04F79EFBC}") = "DataGridView", "DataGridView\DataGridView.csproj", "{3C30A3F0-A869-4029-9E4A-853B15E796DE}"
EndProject
Project("{FAE04EC0-301F-11D3-BF4B-00C04F79EFBC}") = "DataGridView2", "DataGridView2\DataGridView2.csproj", "{5D3851F6-3923-4EA3-8F53-3627844AE624}"
EndProject
Project("{FAE04EC0-301F-11D3-BF4B-00C04F79EFBC}") = "DataGridView3", "DataGridView3\DataGridView3.csproj", "{9EAF0810-803C-4BCC-9AF9-AD2B3D6E9224}"
EndProject
Project("{FAE04EC0-301F-11D3-BF4B-00C04F79EFBC}") = "GroupBox", "GroupBox\GroupBox.csproj", "{9E5C3DF9-8F53-46AB-872A-D59F895B50FA}"
EndProject
Project("{FAE04EC0-301F-11D3-BF4B-00C04F79EFBC}") = "RadioButton", "RadioButton\RadioButton.csproj", "{7DADF196-971B-4184-A6D8-736BF1677CD4}"
EndProject
Project("{FAE04EC0-301F-11D3-BF4B-00C04F79EFBC}") = "TextBox", "TextBox\TextBox.csproj", "{257C9058-12D1-4977-BE21-ABFE00F498A9}"
EndProject
Global
	GlobalSection(SolutionConfigurationPlatforms) = preSolution
		Debug|Any CPU = Debug|Any CPU
		Release|Any CPU = Release|Any CPU
	EndGlobalSection
	GlobalSection(ProjectConfigurationPlatforms) = postSolution
		{1A99A787-8DC4-44A1-8178-5FE4F596FB32}.Debug|Any CPU.ActiveCfg = Debug|Any CPU
		{1A99A787-8DC4-44A1-8178-5FE4F596FB32}.Debug|Any CPU.Build.0 = Debug|Any CPU
		{1A99A787-8DC4-44A1-8178-5FE4F596FB32}.Release|Any CPU.ActiveCfg = Release|Any CPU
		{1A99A787-8DC4-44A1-8178-5FE4F596FB32}.Release|Any CPU.Build.0 = Release|Any CPU
		{3E0B7B03-A1D1-4787-9553-F0F97044E284}.Debug|Any CPU.ActiveCfg = Debug|Any CPU
		{3E0B7B03-A1D1-4787-9553-F0F97044E284}.Debug|Any CPU.Build.0 = Debug|Any CPU
		{3E0B7B03-A1D1-4787-9553-F0F97044E284}.Release|Any CPU.ActiveCfg = Release|Any CPU
		{3E0B7B03-A1D1-4787-9553-F0F97044E284}.Release|Any CPU.Build.0 = Release|Any CPU
		{4C23A68D-1336-40ED-B7B1-DBD935DC5F02}.Debug|Any CPU.ActiveCfg = Debug|Any CPU
		{4C23A68D-1336-40ED-B7B1-DBD935DC5F02}.Debug|Any CPU.Build.0 = Debug|Any CPU
		{4C23A68D-1336-40ED-B7B1-DBD935DC5F02}.Release|Any CPU.ActiveCfg = Release|Any CPU
		{4C23A68D-1336-40ED-B7B1-DBD935DC5F02}.Release|Any CPU.Build.0 = Release|Any CPU
		{9BA38439-BEAA-4F60-82F8-FAAA12BA6B71}.Debug|Any CPU.ActiveCfg = Debug|Any CPU
		{9BA38439-BEAA-4F60-82F8-FAAA12BA6B71}.Debug|Any CPU.Build.0 = Debug|Any CPU
		{9BA38439-BEAA-4F60-82F8-FAAA12BA6B71}.Release|Any CPU.ActiveCfg = Release|Any CPU
		{9BA38439-BEAA-4F60-82F8-FAAA12BA6B71}.Release|Any CPU.Build.0 = Release|Any CPU
		{36E70B3A-B03C-4BA7-8E19-6BD7BF95E559}.Debug|Any CPU.ActiveCfg = Debug|Any CPU
		{36E70B3A-B03C-4BA7-8E19-6BD7BF95E559}.Debug|Any CPU.Build.0 = Debug|Any CPU
		{36E70B3A-B03C-4BA7-8E19-6BD7BF95E559}.Release|Any CPU.ActiveCfg = Release|Any CPU
		{36E70B3A-B03C-4BA7-8E19-6BD7BF95E559}.Release|Any CPU.Build.0 = Release|Any CPU
		{3C30A3F0-A869-4029-9E4A-853B15E796DE}.Debug|Any CPU.ActiveCfg = Debug|Any CPU
		{3C30A3F0-A869-4029-9E4A-853B15E796DE}.Debug|Any CPU.Build.0 = Debug|Any CPU
		{3C30A3F0-A869-4029-9E4A-853B15E796DE}.Release|Any CPU.ActiveCfg = Release|Any CPU
		{3C30A3F0-A869-4029-9E4A-853B15E796DE}.Release|Any CPU.Build.0 = Release|Any CPU
		{5D3851F6-3923-4EA3-8F53-3627844AE624}.Debug|Any CPU.ActiveCfg = Debug|Any CPU
		{5D3851F6-3923-4EA3-8F53-3627844AE624}.Debug|Any CPU.Build.0 = Debug|Any CPU
		{5D3851F6-3923-4EA3-8F53-3627844AE624}.Release|Any CPU.ActiveCfg = Release|Any CPU
		{5D3851F6-3923-4EA3-8F53-3627844AE624}.Release|Any CPU.Build.0 = Release|Any CPU
		{9EAF0810-803C-4BCC-9AF9-AD2B3D6E9224}.Debug|Any CPU.ActiveCfg = Debug|Any CPU
		{9EAF0810-803C-4BCC-9AF9-AD2B3D6E9224}.Debug|Any CPU.Build.0 = Debug|Any CPU
		{9EAF0810-803C-4BCC-9AF9-AD2B3D6E9224}.Release|Any CPU.ActiveCfg = Release|Any CPU
		{9EAF0810-803C-4BCC-9AF9-AD2B3D6E9224}.Release|Any CPU.Build.0 = Release|Any CPU
		{9E5C3DF9-8F53-46AB-872A-D59F895B50FA}.Debug|Any CPU.ActiveCfg = Debug|Any CPU
		{9E5C3DF9-8F53-46AB-872A-D59F895B50FA}.Debug|Any CPU.Build.0 = Debug|Any CPU
		{9E5C3DF9-8F53-46AB-872A-D59F895B50FA}.Release|Any CPU.ActiveCfg = Release|Any CPU
		{9E5C3DF9-8F53-46AB-872A-D59F895B50FA}.Release|Any CPU.Build.0 = Release|Any CPU
		{7DADF196-971B-4184-A6D8-736BF1677CD4}.Debug|Any CPU.ActiveCfg = Debug|Any CPU
		{7DADF196-971B-4184-A6D8-736BF1677CD4}.Debug|Any CPU.Build.0 = Debug|Any CPU
		{7DADF196-971B-4184-A6D8-736BF1677CD4}.Release|Any CPU.ActiveCfg = Release|Any CPU
		{7DADF196-971B-4184-A6D8-736BF1677CD4}.Release|Any CPU.Build.0 = Release|Any CPU
		{257C9058-12D1-4977-BE21-ABFE00F498A9}.Debug|Any CPU.ActiveCfg = Debug|Any CPU
		{257C9058-12D1-4977-BE21-ABFE00F498A9}.Debug|Any CPU.Build.0 = Debug|Any CPU
		{257C9058-12D1-4977-BE21-ABFE00F498A9}.Release|Any CPU.ActiveCfg = Release|Any CPU
		{257C9058-12D1-4977-BE21-ABFE00F498A9}.Release|Any CPU.Build.0 = Release|Any CPU
	EndGlobalSection
	GlobalSection(SolutionProperties) = preSolution
		HideSolutionNode = FALSE
	EndGlobalSection
	GlobalSection(ExtensibilityGlobals) = postSolution
		SolutionGuid = {54D47A0F-5BCC-425A-A48F-5FD391DDE789}
	EndGlobalSection
EndGlobal
